
Microsoft Visual Studio Solution File, Format Version 12.00
# Visual Studio Version 17
VisualStudioVersion = 17.0.31903.59
MinimumVisualStudioVersion = 10.0.40219.1
Project("{FAE04EC0-301F-11D3-BF4B-00C04F79EFBC}") = "DesignPatterns", "DesignPatterns\DesignPatterns.csproj", "{DF8C4482-5059-4041-BCD4-2E278D22FB99}"
EndProject
Project("{FAE04EC0-301F-11D3-BF4B-00C04F79EFBC}") = "DesignPatternsAsp", "DesignPatternsAsp\DesignPatternsAsp.csproj", "{4F877913-A035-4FD5-A2A5-79C13CFD9FAC}"
EndProject
Project("{FAE04EC0-301F-11D3-BF4B-00C04F79EFBC}") = "Tools", "Tools\Tools.csproj", "{90716CE7-C152-4D70-8360-57D6BE8802C4}"
EndProject
Project("{FAE04EC0-301F-11D3-BF4B-00C04F79EFBC}") = "DesignPatterns.Models", "DesignPatterns.Models\DesignPatterns.Models.csproj", "{3FC2D3B2-9FEF-4E02-8284-F99BB45BCFCB}"
EndProject
Project("{FAE04EC0-301F-11D3-BF4B-00C04F79EFBC}") = "DesignPatterns.Repository", "DesignPatterns.Repository\DesignPatterns.Repository.csproj", "{5E1072A9-4B6A-47BA-A398-6C3CF9C116EA}"
EndProject
Global
	GlobalSection(SolutionConfigurationPlatforms) = preSolution
		Debug|Any CPU = Debug|Any CPU
		Release|Any CPU = Release|Any CPU
	EndGlobalSection
	GlobalSection(SolutionProperties) = preSolution
		HideSolutionNode = FALSE
	EndGlobalSection
	GlobalSection(ProjectConfigurationPlatforms) = postSolution
		{DF8C4482-5059-4041-BCD4-2E278D22FB99}.Debug|Any CPU.ActiveCfg = Debug|Any CPU
		{DF8C4482-5059-4041-BCD4-2E278D22FB99}.Debug|Any CPU.Build.0 = Debug|Any CPU
		{DF8C4482-5059-4041-BCD4-2E278D22FB99}.Release|Any CPU.ActiveCfg = Release|Any CPU
		{DF8C4482-5059-4041-BCD4-2E278D22FB99}.Release|Any CPU.Build.0 = Release|Any CPU
		{4F877913-A035-4FD5-A2A5-79C13CFD9FAC}.Debug|Any CPU.ActiveCfg = Debug|Any CPU
		{4F877913-A035-4FD5-A2A5-79C13CFD9FAC}.Debug|Any CPU.Build.0 = Debug|Any CPU
		{4F877913-A035-4FD5-A2A5-79C13CFD9FAC}.Release|Any CPU.ActiveCfg = Release|Any CPU
		{4F877913-A035-4FD5-A2A5-79C13CFD9FAC}.Release|Any CPU.Build.0 = Release|Any CPU
		{90716CE7-C152-4D70-8360-57D6BE8802C4}.Debug|Any CPU.ActiveCfg = Debug|Any CPU
		{90716CE7-C152-4D70-8360-57D6BE8802C4}.Debug|Any CPU.Build.0 = Debug|Any CPU
		{90716CE7-C152-4D70-8360-57D6BE8802C4}.Release|Any CPU.ActiveCfg = Release|Any CPU
		{90716CE7-C152-4D70-8360-57D6BE8802C4}.Release|Any CPU.Build.0 = Release|Any CPU
		{3FC2D3B2-9FEF-4E02-8284-F99BB45BCFCB}.Debug|Any CPU.ActiveCfg = Debug|Any CPU
		{3FC2D3B2-9FEF-4E02-8284-F99BB45BCFCB}.Debug|Any CPU.Build.0 = Debug|Any CPU
		{3FC2D3B2-9FEF-4E02-8284-F99BB45BCFCB}.Release|Any CPU.ActiveCfg = Release|Any CPU
		{3FC2D3B2-9FEF-4E02-8284-F99BB45BCFCB}.Release|Any CPU.Build.0 = Release|Any CPU
		{5E1072A9-4B6A-47BA-A398-6C3CF9C116EA}.Debug|Any CPU.ActiveCfg = Debug|Any CPU
		{5E1072A9-4B6A-47BA-A398-6C3CF9C116EA}.Debug|Any CPU.Build.0 = Debug|Any CPU
		{5E1072A9-4B6A-47BA-A398-6C3CF9C116EA}.Release|Any CPU.ActiveCfg = Release|Any CPU
		{5E1072A9-4B6A-47BA-A398-6C3CF9C116EA}.Release|Any CPU.Build.0 = Release|Any CPU
	EndGlobalSection
EndGlobal
